
Microsoft Visual Studio Solution File, Format Version 12.00
# Visual Studio Version 16
VisualStudioVersion = 16.0.30114.105
MinimumVisualStudioVersion = 10.0.40219.1
Project("{FAE04EC0-301F-11D3-BF4B-00C04F79EFBC}") = "GameReview.API", "GameReview.Api\GameReview.API.csproj", "{291878FF-A991-4551-9B41-7B2C729D0D68}"
EndProject
Project("{FAE04EC0-301F-11D3-BF4B-00C04F79EFBC}") = "GameReview.Application", "GameReview.Application\GameReview.Application.csproj", "{E9CD50E3-CCE3-4934-9BE0-9BBCD2A57D7C}"
EndProject
Project("{FAE04EC0-301F-11D3-BF4B-00C04F79EFBC}") = "GameReview.Infrastructure", "GameReview.Infrastructure\GameReview.Infrastructure.csproj", "{5B5CF9B7-F3EE-4656-997C-48FFFA1C0DB3}"
EndProject
Project("{FAE04EC0-301F-11D3-BF4B-00C04F79EFBC}") = "GameReview.Domain", "GameReview.Domain\GameReview.Domain.csproj", "{465F70E2-F770-4EEB-A667-6FDCC2E8FC82}"
EndProject
Global
	GlobalSection(SolutionConfigurationPlatforms) = preSolution
		Debug|Any CPU = Debug|Any CPU
		Release|Any CPU = Release|Any CPU
	EndGlobalSection
	GlobalSection(SolutionProperties) = preSolution
		HideSolutionNode = FALSE
	EndGlobalSection
	GlobalSection(ProjectConfigurationPlatforms) = postSolution
		{291878FF-A991-4551-9B41-7B2C729D0D68}.Debug|Any CPU.ActiveCfg = Debug|Any CPU
		{291878FF-A991-4551-9B41-7B2C729D0D68}.Debug|Any CPU.Build.0 = Debug|Any CPU
		{291878FF-A991-4551-9B41-7B2C729D0D68}.Release|Any CPU.ActiveCfg = Release|Any CPU
		{291878FF-A991-4551-9B41-7B2C729D0D68}.Release|Any CPU.Build.0 = Release|Any CPU
		{E9CD50E3-CCE3-4934-9BE0-9BBCD2A57D7C}.Debug|Any CPU.ActiveCfg = Debug|Any CPU
		{E9CD50E3-CCE3-4934-9BE0-9BBCD2A57D7C}.Debug|Any CPU.Build.0 = Debug|Any CPU
		{E9CD50E3-CCE3-4934-9BE0-9BBCD2A57D7C}.Release|Any CPU.ActiveCfg = Release|Any CPU
		{E9CD50E3-CCE3-4934-9BE0-9BBCD2A57D7C}.Release|Any CPU.Build.0 = Release|Any CPU
		{5B5CF9B7-F3EE-4656-997C-48FFFA1C0DB3}.Debug|Any CPU.ActiveCfg = Debug|Any CPU
		{5B5CF9B7-F3EE-4656-997C-48FFFA1C0DB3}.Debug|Any CPU.Build.0 = Debug|Any CPU
		{5B5CF9B7-F3EE-4656-997C-48FFFA1C0DB3}.Release|Any CPU.ActiveCfg = Release|Any CPU
		{5B5CF9B7-F3EE-4656-997C-48FFFA1C0DB3}.Release|Any CPU.Build.0 = Release|Any CPU
		{465F70E2-F770-4EEB-A667-6FDCC2E8FC82}.Debug|Any CPU.ActiveCfg = Debug|Any CPU
		{465F70E2-F770-4EEB-A667-6FDCC2E8FC82}.Debug|Any CPU.Build.0 = Debug|Any CPU
		{465F70E2-F770-4EEB-A667-6FDCC2E8FC82}.Release|Any CPU.ActiveCfg = Release|Any CPU
		{465F70E2-F770-4EEB-A667-6FDCC2E8FC82}.Release|Any CPU.Build.0 = Release|Any CPU
	EndGlobalSection
EndGlobal
